
Microsoft Visual Studio Solution File, Format Version 11.00
# Visual C# Express 2010
Project("{FAE04EC0-301F-11D3-BF4B-00C04F79EFBC}") = "ChapterFourProblems", "ChapterFourProblems\ChapterFourProblems.csproj", "{94BA155A-D020-4A92-B4F4-BE5B66F822BC}"
EndProject
Project("{FAE04EC0-301F-11D3-BF4B-00C04F79EFBC}") = "Sum.cs", "Sum.cs\Sum.cs.csproj", "{518101DD-A048-4EA4-B046-117D91C9E0E3}"
EndProject
Project("{FAE04EC0-301F-11D3-BF4B-00C04F79EFBC}") = "GetVowel", "GetVowel\GetVowel.csproj", "{CFB20170-84F2-45D9-B90C-74791632458A}"
EndProject
Project("{FAE04EC0-301F-11D3-BF4B-00C04F79EFBC}") = "EnsureValidPayRateLoop", "EnsureValidPayRateLoop\EnsureValidPayRateLoop.csproj", "{8EF77B8F-4527-4093-A603-781441D9CAFE}"
EndProject
Project("{FAE04EC0-301F-11D3-BF4B-00C04F79EFBC}") = "EvenNumbs", "EvenNumbs\EvenNumbs.csproj", "{5A96CCE3-30E7-4C37-9F2A-0060B617FB4E}"
EndProject
Project("{FAE04EC0-301F-11D3-BF4B-00C04F79EFBC}") = "TableofSquares", "TableofSquares\TableofSquares.csproj", "{BDE1156A-A79A-4128-A83D-000C69D2ED2C}"
EndProject
Project("{FAE04EC0-301F-11D3-BF4B-00C04F79EFBC}") = "Sum50", "Sum50\Sum50.csproj", "{3F162E61-F68E-4F49-BED1-8FF74F034CD3}"
EndProject
Project("{FAE04EC0-301F-11D3-BF4B-00C04F79EFBC}") = "Perfect", "Perfect\Perfect.csproj", "{CED2AE69-284C-4BD1-9C66-350FB82B2C58}"
EndProject
Global
	GlobalSection(SolutionConfigurationPlatforms) = preSolution
		Debug|x86 = Debug|x86
		Release|x86 = Release|x86
	EndGlobalSection
	GlobalSection(ProjectConfigurationPlatforms) = postSolution
		{94BA155A-D020-4A92-B4F4-BE5B66F822BC}.Debug|x86.ActiveCfg = Debug|x86
		{94BA155A-D020-4A92-B4F4-BE5B66F822BC}.Debug|x86.Build.0 = Debug|x86
		{94BA155A-D020-4A92-B4F4-BE5B66F822BC}.Release|x86.ActiveCfg = Release|x86
		{94BA155A-D020-4A92-B4F4-BE5B66F822BC}.Release|x86.Build.0 = Release|x86
		{518101DD-A048-4EA4-B046-117D91C9E0E3}.Debug|x86.ActiveCfg = Debug|x86
		{518101DD-A048-4EA4-B046-117D91C9E0E3}.Debug|x86.Build.0 = Debug|x86
		{518101DD-A048-4EA4-B046-117D91C9E0E3}.Release|x86.ActiveCfg = Release|x86
		{518101DD-A048-4EA4-B046-117D91C9E0E3}.Release|x86.Build.0 = Release|x86
		{CFB20170-84F2-45D9-B90C-74791632458A}.Debug|x86.ActiveCfg = Debug|x86
		{CFB20170-84F2-45D9-B90C-74791632458A}.Debug|x86.Build.0 = Debug|x86
		{CFB20170-84F2-45D9-B90C-74791632458A}.Release|x86.ActiveCfg = Release|x86
		{CFB20170-84F2-45D9-B90C-74791632458A}.Release|x86.Build.0 = Release|x86
		{8EF77B8F-4527-4093-A603-781441D9CAFE}.Debug|x86.ActiveCfg = Debug|x86
		{8EF77B8F-4527-4093-A603-781441D9CAFE}.Debug|x86.Build.0 = Debug|x86
		{8EF77B8F-4527-4093-A603-781441D9CAFE}.Release|x86.ActiveCfg = Release|x86
		{8EF77B8F-4527-4093-A603-781441D9CAFE}.Release|x86.Build.0 = Release|x86
		{5A96CCE3-30E7-4C37-9F2A-0060B617FB4E}.Debug|x86.ActiveCfg = Debug|x86
		{5A96CCE3-30E7-4C37-9F2A-0060B617FB4E}.Debug|x86.Build.0 = Debug|x86
		{5A96CCE3-30E7-4C37-9F2A-0060B617FB4E}.Release|x86.ActiveCfg = Release|x86
		{5A96CCE3-30E7-4C37-9F2A-0060B617FB4E}.Release|x86.Build.0 = Release|x86
		{BDE1156A-A79A-4128-A83D-000C69D2ED2C}.Debug|x86.ActiveCfg = Debug|x86
		{BDE1156A-A79A-4128-A83D-000C69D2ED2C}.Debug|x86.Build.0 = Debug|x86
		{BDE1156A-A79A-4128-A83D-000C69D2ED2C}.Release|x86.ActiveCfg = Release|x86
		{BDE1156A-A79A-4128-A83D-000C69D2ED2C}.Release|x86.Build.0 = Release|x86
		{3F162E61-F68E-4F49-BED1-8FF74F034CD3}.Debug|x86.ActiveCfg = Debug|x86
		{3F162E61-F68E-4F49-BED1-8FF74F034CD3}.Debug|x86.Build.0 = Debug|x86
		{3F162E61-F68E-4F49-BED1-8FF74F034CD3}.Release|x86.ActiveCfg = Release|x86
		{3F162E61-F68E-4F49-BED1-8FF74F034CD3}.Release|x86.Build.0 = Release|x86
		{CED2AE69-284C-4BD1-9C66-350FB82B2C58}.Debug|x86.ActiveCfg = Debug|x86
		{CED2AE69-284C-4BD1-9C66-350FB82B2C58}.Debug|x86.Build.0 = Debug|x86
		{CED2AE69-284C-4BD1-9C66-350FB82B2C58}.Release|x86.ActiveCfg = Release|x86
		{CED2AE69-284C-4BD1-9C66-350FB82B2C58}.Release|x86.Build.0 = Release|x86
	EndGlobalSection
	GlobalSection(SolutionProperties) = preSolution
		HideSolutionNode = FALSE
	EndGlobalSection
EndGlobal
